{
    "name": "@domg-wc/qlik",
    "version": "DOMG-WC-VERSION",
    "lockfileVersion": 3,
    "requires": true,
    "packages": {
        "": {
            "name": "@domg-wc/qlik",
            "version": "DOMG-WC-VERSION",
            "dependencies": {
                "@domg/qlik-lib": "1.0.7",
                "@nebula.js/stardust": "^4.6.2",
                "@types/qlik-engineapi": "^12.67.16"
            }
        },
        "node_modules/@domg/qlik-lib": {
            "version": "1.0.7",
            "resolved": "https://repo.omgeving.vlaanderen.be/artifactory/api/npm/acd-npm/@domg/qlik-lib/-/@domg/qlik-lib-1.0.7.tgz",
            "integrity": "sha512-yv8qL8SKaGbc48NKrDZFpi0gfM3OUHxR98hl4hFbg/Qj8H8PBFfZxv8lkZlOSDex8Ll4fDXCIZShBMAiMe4aeA==",
            "dependencies": {
                "@json2csv/plainjs": "7.0.3",
                "@nebula.js/sn-bar-chart": "1.34.2",
                "@nebula.js/sn-distributionplot": "0.40.2",
                "@nebula.js/sn-kpi": "0.13.4",
                "@nebula.js/sn-line-chart": "1.30.4",
                "@nebula.js/sn-mekko-chart": "^1.3.0",
                "@nebula.js/sn-pie-chart": "1.26.2",
                "@nebula.js/sn-pivot-table": "2.3.0",
                "@nebula.js/sn-sankey-chart": "1.8.1",
                "@nebula.js/sn-table": "2.7.0",
                "@nebula.js/stardust": "4.5.0",
                "axios": "1.5.1",
                "enigma-mixin": "1.4.0",
                "enigma.js": "2.12.0",
                "xlsx": "0.18.5"
            }
        },
        "node_modules/@domg/qlik-lib/node_modules/@nebula.js/stardust": {
            "version": "4.5.0",
            "resolved": "https://repo.omgeving.vlaanderen.be/artifactory/api/npm/acd-npm/@nebula.js/stardust/-/stardust-4.5.0.tgz",
            "integrity": "sha512-2UQxd/25NnGgAEwGXoXT8OuKMs6BZKwoQR6SEPgdp+uL+mVbOhlavnxvTGYi1yUOPBqCVHpy1fMmsvpdY6Ckkg==",
            "dependencies": {
                "@types/qlik-engineapi": "12.67.14"
            }
        },
        "node_modules/@domg/qlik-lib/node_modules/@types/qlik-engineapi": {
            "version": "12.67.14",
            "resolved": "https://repo.omgeving.vlaanderen.be/artifactory/api/npm/acd-npm/@types/qlik-engineapi/-/qlik-engineapi-12.67.14.tgz",
            "integrity": "sha512-IaceyOBLLYxbL1mX9LgyXw4F5spRsGbAylp9a4+Pq+wrSrUzfNgUbnLtv8K0woE7fV7SRShmMhbKGEXoK7hx9g=="
        },
        "node_modules/@json2csv/formatters": {
            "version": "7.0.3",
            "resolved": "https://repo.omgeving.vlaanderen.be/artifactory/api/npm/acd-npm/@json2csv/formatters/-/formatters-7.0.3.tgz",
            "integrity": "sha512-QLTpBNmNxGDAQNALkWwPdnyJ7IdXHQ0Motzog4fZOKK2ozpxckl6vwhWNBxbQs/25Zhp7bLS4J6ILu/hh0en6w=="
        },
        "node_modules/@json2csv/plainjs": {
            "version": "7.0.3",
            "resolved": "https://repo.omgeving.vlaanderen.be/artifactory/api/npm/acd-npm/@json2csv/plainjs/-/plainjs-7.0.3.tgz",
            "integrity": "sha512-AEpEdeSu8o64Sdf7Xoy7BM4MyfZToN7oxxleXJ6u7v3h0V0hKdNIw7i4kQ08wiIe7lcJBhS3JRyEPKX6k2AsjA==",
            "dependencies": {
                "@json2csv/formatters": "^7.0.3",
                "@streamparser/json": "^0.0.17",
                "lodash.get": "^4.4.2"
            }
        },
        "node_modules/@nebula.js/sn-bar-chart": {
            "version": "1.34.2",
            "resolved": "https://repo.omgeving.vlaanderen.be/artifactory/api/npm/acd-npm/@nebula.js/sn-bar-chart/-/sn-bar-chart-1.34.2.tgz",
            "integrity": "sha512-KNPOK1aKiy2iiwmCPt/PfziIkl2wfg7zBewNmVcBSMCsRSOLYtt4kjTPZ9GBfW4uYlL/2lr5lE2ZbQ/A0hyvww==",
            "peerDependencies": {
                "@nebula.js/stardust": ">=1.7.0"
            }
        },
        "node_modules/@nebula.js/sn-distributionplot": {
            "version": "0.40.2",
            "resolved": "https://repo.omgeving.vlaanderen.be/artifactory/api/npm/acd-npm/@nebula.js/sn-distributionplot/-/sn-distributionplot-0.40.2.tgz",
            "integrity": "sha512-y2n9sqaRRLuW7vNfvUXB+B9nAT/y3H73xEGnJKriuLzMuYUt2EyPUwFVFgZsMvCYsnmJYY4AXwsFQDBsPnTXRg==",
            "peerDependencies": {
                "@nebula.js/stardust": ">=1.4.0"
            }
        },
        "node_modules/@nebula.js/sn-kpi": {
            "version": "0.13.4",
            "resolved": "https://repo.omgeving.vlaanderen.be/artifactory/api/npm/acd-npm/@nebula.js/sn-kpi/-/sn-kpi-0.13.4.tgz",
            "integrity": "sha512-/Qy54aHPT3ZYuDf2SkaUBo4bH2v3udKelMtWgv51ZC/XeSK+mImwbhU0qTh81cF5Bg0OKYeNA3tm2TKnmXPbMQ==",
            "engines": {
                "node": ">=14.17.0"
            },
            "peerDependencies": {
                "@nebula.js/stardust": ">=1.0.0"
            }
        },
        "node_modules/@nebula.js/sn-line-chart": {
            "version": "1.30.4",
            "resolved": "https://repo.omgeving.vlaanderen.be/artifactory/api/npm/acd-npm/@nebula.js/sn-line-chart/-/sn-line-chart-1.30.4.tgz",
            "integrity": "sha512-pNKroWWmCbjLa4jk6bFL3cBmI+K2R7qicN3xQfdtWDSaxgbbRudjgOqHRzkYVUxEJF38mTB1gBk8kMlvg0X/jA==",
            "peerDependencies": {
                "@nebula.js/stardust": ">=1.7.0"
            }
        },
        "node_modules/@nebula.js/sn-mekko-chart": {
            "version": "1.3.0",
            "resolved": "https://repo.omgeving.vlaanderen.be/artifactory/api/npm/acd-npm/@nebula.js/sn-mekko-chart/-/sn-mekko-chart-1.3.0.tgz",
            "integrity": "sha512-PyKUSk+34iOerm+GB7e0Pd1VR4i8SawHLJkCJy8Bk9/A2fUartH6G15BDBbg6WA3fQ4OjMNlm7O2+1kSBt25IQ==",
            "peerDependencies": {
                "@nebula.js/stardust": ">=1.7.0"
            }
        },
        "node_modules/@nebula.js/sn-pie-chart": {
            "version": "1.26.2",
            "resolved": "https://repo.omgeving.vlaanderen.be/artifactory/api/npm/acd-npm/@nebula.js/sn-pie-chart/-/sn-pie-chart-1.26.2.tgz",
            "integrity": "sha512-HHzpQZ7sxrwpntCXkWTy5pAQOAfIIQk0K6nmCM6PHNhBC2yGQOmgIDooUKIlRWqgBfNtifBr0T/7Q/+AUzw3xw==",
            "peerDependencies": {
                "@nebula.js/stardust": ">=1.7.0"
            }
        },
        "node_modules/@nebula.js/sn-pivot-table": {
            "version": "2.3.0",
            "resolved": "https://repo.omgeving.vlaanderen.be/artifactory/api/npm/acd-npm/@nebula.js/sn-pivot-table/-/sn-pivot-table-2.3.0.tgz",
            "integrity": "sha512-42z88uEoc0CZLGeEVVGvxqlwB0p8f/FRQ+J3aKrvMFBMPI6e5o6zM3GDPyhD3grQR23hrga5PsBG2QwE6NOMSQ==",
            "engines": {
                "node": ">=16"
            },
            "peerDependencies": {
                "@nebula.js/stardust": "^4.5.0"
            }
        },
        "node_modules/@nebula.js/sn-sankey-chart": {
            "version": "1.8.1",
            "resolved": "https://repo.omgeving.vlaanderen.be/artifactory/api/npm/acd-npm/@nebula.js/sn-sankey-chart/-/sn-sankey-chart-1.8.1.tgz",
            "integrity": "sha512-Z/CMSLws60vhhHBBJFHzz0sl4UVI//YV0MT5mD0T8N2mLFSYAHQKLGMwRcpsn6AVHcbj7MWtEyRo3rZN2GvkUg==",
            "peerDependencies": {
                "@nebula.js/stardust": ">=1.7.0"
            }
        },
        "node_modules/@nebula.js/sn-table": {
            "version": "2.7.0",
            "resolved": "https://repo.omgeving.vlaanderen.be/artifactory/api/npm/acd-npm/@nebula.js/sn-table/-/sn-table-2.7.0.tgz",
            "integrity": "sha512-k6+xBzJUiWj6eG+WyW+rDvor+aG0lPsIlLnCl8/CooUAGqYOXwgzfv4YqOXfcRquYcgJQYkp8KATy3wtyprxJw==",
            "peerDependencies": {
                "@nebula.js/stardust": ">=4.4.0"
            }
        },
        "node_modules/@nebula.js/stardust": {
            "version": "4.6.2",
            "resolved": "https://repo.omgeving.vlaanderen.be/artifactory/api/npm/acd-npm/@nebula.js/stardust/-/stardust-4.6.2.tgz",
            "integrity": "sha512-mmd565pMlohCT+/bdlyrz9fC9owFGVLaZwil4uya+5aSiYTgMANqzYoiKhXA0lWlwLHcHw4JPlKtOCQOJb3K1g==",
            "dependencies": {
                "@types/qlik-engineapi": "12.67.15"
            }
        },
        "node_modules/@nebula.js/stardust/node_modules/@types/qlik-engineapi": {
            "version": "12.67.15",
            "resolved": "https://repo.omgeving.vlaanderen.be/artifactory/api/npm/acd-npm/@types/qlik-engineapi/-/qlik-engineapi-12.67.15.tgz",
            "integrity": "sha512-y+uAO2gbz1LQJZIl2pEf4OLzr1Xdurs6thsES+O+8Vbar/RtKxdvOVCASpOXp4JHaXw0VhjZyr/zAs/qdtvBzg=="
        },
        "node_modules/@rollup/plugin-typescript": {
            "version": "11.1.5",
            "resolved": "https://repo.omgeving.vlaanderen.be/artifactory/api/npm/acd-npm/@rollup/plugin-typescript/-/plugin-typescript-11.1.5.tgz",
            "integrity": "sha512-rnMHrGBB0IUEv69Q8/JGRD/n4/n6b3nfpufUu26axhUcboUzv/twfZU8fIBbTOphRAe0v8EyxzeDpKXqGHfyDA==",
            "dependencies": {
                "@rollup/pluginutils": "^5.0.1",
                "resolve": "^1.22.1"
            },
            "engines": {
                "node": ">=14.0.0"
            },
            "peerDependencies": {
                "rollup": "^2.14.0||^3.0.0||^4.0.0",
                "tslib": "*",
                "typescript": ">=3.7.0"
            },
            "peerDependenciesMeta": {
                "rollup": {
                    "optional": true
                },
                "tslib": {
                    "optional": true
                }
            }
        },
        "node_modules/@rollup/pluginutils": {
            "version": "5.0.5",
            "resolved": "https://repo.omgeving.vlaanderen.be/artifactory/api/npm/acd-npm/@rollup/pluginutils/-/pluginutils-5.0.5.tgz",
            "integrity": "sha512-6aEYR910NyP73oHiJglti74iRyOwgFU4x3meH/H8OJx6Ry0j6cOVZ5X/wTvub7G7Ao6qaHBEaNsV3GLJkSsF+Q==",
            "dependencies": {
                "@types/estree": "^1.0.0",
                "estree-walker": "^2.0.2",
                "picomatch": "^2.3.1"
            },
            "engines": {
                "node": ">=14.0.0"
            },
            "peerDependencies": {
                "rollup": "^1.20.0||^2.0.0||^3.0.0||^4.0.0"
            },
            "peerDependenciesMeta": {
                "rollup": {
                    "optional": true
                }
            }
        },
        "node_modules/@streamparser/json": {
            "version": "0.0.17",
            "resolved": "https://repo.omgeving.vlaanderen.be/artifactory/api/npm/acd-npm/@streamparser/json/-/json-0.0.17.tgz",
            "integrity": "sha512-mW54K6CTVJVLwXRB6kSS1xGWPmtTuXAStWnlvtesmcySgtop+eFPWOywBFPpJO4UD173epYsPSP6HSW8kuqN8w=="
        },
        "node_modules/@types/estree": {
            "version": "1.0.5",
            "resolved": "https://repo.omgeving.vlaanderen.be/artifactory/api/npm/acd-npm/@types/estree/-/estree-1.0.5.tgz",
            "integrity": "sha512-/kYRxGDLWzHOB7q+wtSUQlFrtcdUccpfy+X+9iMBpHK8QLLhx2wIPYuS5DYtR9Wa/YlZAbIovy7qVdB1Aq6Lyw=="
        },
        "node_modules/@types/qlik-engineapi": {
            "version": "12.67.16",
            "resolved": "https://repo.omgeving.vlaanderen.be/artifactory/api/npm/acd-npm/@types/qlik-engineapi/-/qlik-engineapi-12.67.16.tgz",
            "integrity": "sha512-NiwMX6zrV162lRcupTdrgoT2YtKZy97zJ70rRGLdJTWcaMOWUgAhM1ufzhmp3ir1KlNArI4Ds8ojfxA80SpwKQ=="
        },
        "node_modules/adler-32": {
            "version": "1.3.1",
            "resolved": "https://repo.omgeving.vlaanderen.be/artifactory/api/npm/acd-npm/adler-32/-/adler-32-1.3.1.tgz",
            "integrity": "sha512-ynZ4w/nUUv5rrsR8UUGoe1VC9hZj6V5hU9Qw1HlMDJGEJw5S7TfTErWTjMys6M7vr0YWcPqs3qAr4ss0nDfP+A==",
            "engines": {
                "node": ">=0.8"
            }
        },
        "node_modules/asynckit": {
            "version": "0.4.0",
            "resolved": "https://repo.omgeving.vlaanderen.be/artifactory/api/npm/acd-npm/asynckit/-/asynckit-0.4.0.tgz",
            "integrity": "sha512-Oei9OH4tRh0YqU3GxhX79dM/mwVgvbZJaSNaRk+bshkj0S5cfHcgYakreBjrHwatXKbz+IoIdYLxrKim2MjW0Q=="
        },
        "node_modules/axios": {
            "version": "1.5.1",
            "resolved": "https://repo.omgeving.vlaanderen.be/artifactory/api/npm/acd-npm/axios/-/axios-1.5.1.tgz",
            "integrity": "sha512-Q28iYCWzNHjAm+yEAot5QaAMxhMghWLFVf7rRdwhUI+c2jix2DUXjAHXVi+s1ibs3mjPO/cCgbA++3BjD0vP/A==",
            "dependencies": {
                "follow-redirects": "^1.15.0",
                "form-data": "^4.0.0",
                "proxy-from-env": "^1.1.0"
            }
        },
        "node_modules/cfb": {
            "version": "1.2.2",
            "resolved": "https://repo.omgeving.vlaanderen.be/artifactory/api/npm/acd-npm/cfb/-/cfb-1.2.2.tgz",
            "integrity": "sha512-KfdUZsSOw19/ObEWasvBP/Ac4reZvAGauZhs6S/gqNhXhI7cKwvlH7ulj+dOEYnca4bm4SGo8C1bTAQvnTjgQA==",
            "dependencies": {
                "adler-32": "~1.3.0",
                "crc-32": "~1.2.0"
            },
            "engines": {
                "node": ">=0.8"
            }
        },
        "node_modules/codepage": {
            "version": "1.15.0",
            "resolved": "https://repo.omgeving.vlaanderen.be/artifactory/api/npm/acd-npm/codepage/-/codepage-1.15.0.tgz",
            "integrity": "sha512-3g6NUTPd/YtuuGrhMnOMRjFc+LJw/bnMp3+0r/Wcz3IXUuCosKRJvMphm5+Q+bvTVGcJJuRvVLuYba+WojaFaA==",
            "engines": {
                "node": ">=0.8"
            }
        },
        "node_modules/combined-stream": {
            "version": "1.0.8",
            "resolved": "https://repo.omgeving.vlaanderen.be/artifactory/api/npm/acd-npm/combined-stream/-/combined-stream-1.0.8.tgz",
            "integrity": "sha512-FQN4MRfuJeHf7cBbBMJFXhKSDq+2kAArBlmRBvcvFE5BB1HZKXtSFASDhdlz9zOYwxh8lDdnvmMOe/+5cdoEdg==",
            "dependencies": {
                "delayed-stream": "~1.0.0"
            },
            "engines": {
                "node": ">= 0.8"
            }
        },
        "node_modules/crc-32": {
            "version": "1.2.2",
            "resolved": "https://repo.omgeving.vlaanderen.be/artifactory/api/npm/acd-npm/crc-32/-/crc-32-1.2.2.tgz",
            "integrity": "sha512-ROmzCKrTnOwybPcJApAA6WBWij23HVfGVNKqqrZpuyZOHqK2CwHSvpGuyt/UNNvaIjEd8X5IFGp4Mh+Ie1IHJQ==",
            "bin": {
                "crc32": "bin/crc32.njs"
            },
            "engines": {
                "node": ">=0.8"
            }
        },
        "node_modules/delayed-stream": {
            "version": "1.0.0",
            "resolved": "https://repo.omgeving.vlaanderen.be/artifactory/api/npm/acd-npm/delayed-stream/-/delayed-stream-1.0.0.tgz",
            "integrity": "sha512-ZySD7Nf91aLB0RxL4KGrKHBXl7Eds1DAmEdcoVawXnLD7SDhpNgtuII2aAkg7a7QS41jxPSZ17p4VdGnMHk3MQ==",
            "engines": {
                "node": ">=0.4.0"
            }
        },
        "node_modules/enigma-mixin": {
            "version": "1.4.0",
            "resolved": "https://repo.omgeving.vlaanderen.be/artifactory/api/npm/acd-npm/enigma-mixin/-/enigma-mixin-1.4.0.tgz",
            "integrity": "sha512-i/L1loCLbElmbrESWZNO+RIocUOpgwjdDrGuIST3MRYDP9fFXwjoHWyQlLY3f79ffCyE94xij7CUS6KwgPTIcA==",
            "dependencies": {
                "@rollup/plugin-typescript": "^11.0.0",
                "tslib": "^2.4.1"
            },
            "engines": {
                "node": ">=14"
            }
        },
        "node_modules/enigma.js": {
            "version": "2.12.0",
            "resolved": "https://repo.omgeving.vlaanderen.be/artifactory/api/npm/acd-npm/enigma.js/-/enigma.js-2.12.0.tgz",
            "integrity": "sha512-HTO9I5nkiOp6A3XkpUV1UTjCUJF9c/FLfMC5qZhvdJt2vMM7mgZsde9pzqrH8wxk2UmiedL+EAda67odwFUMqw=="
        },
        "node_modules/estree-walker": {
            "version": "2.0.2",
            "resolved": "https://repo.omgeving.vlaanderen.be/artifactory/api/npm/acd-npm/estree-walker/-/estree-walker-2.0.2.tgz",
            "integrity": "sha512-Rfkk/Mp/DL7JVje3u18FxFujQlTNR2q6QfMSMB7AvCBx91NGj/ba3kCfza0f6dVDbw7YlRf/nDrn7pQrCCyQ/w=="
        },
        "node_modules/follow-redirects": {
            "version": "1.15.3",
            "resolved": "https://repo.omgeving.vlaanderen.be/artifactory/api/npm/acd-npm/follow-redirects/-/follow-redirects-1.15.3.tgz",
            "integrity": "sha512-1VzOtuEM8pC9SFU1E+8KfTjZyMztRsgEfwQl44z8A25uy13jSzTj6dyK2Df52iV0vgHCfBwLhDWevLn95w5v6Q==",
            "engines": {
                "node": ">=4.0"
            },
            "peerDependenciesMeta": {
                "debug": {
                    "optional": true
                }
            }
        },
        "node_modules/form-data": {
            "version": "4.0.0",
            "resolved": "https://repo.omgeving.vlaanderen.be/artifactory/api/npm/acd-npm/form-data/-/form-data-4.0.0.tgz",
            "integrity": "sha512-ETEklSGi5t0QMZuiXoA/Q6vcnxcLQP5vdugSpuAyi6SVGi2clPPp+xgEhuMaHC+zGgn31Kd235W35f7Hykkaww==",
            "dependencies": {
                "asynckit": "^0.4.0",
                "combined-stream": "^1.0.8",
                "mime-types": "^2.1.12"
            },
            "engines": {
                "node": ">= 6"
            }
        },
        "node_modules/frac": {
            "version": "1.1.2",
            "resolved": "https://repo.omgeving.vlaanderen.be/artifactory/api/npm/acd-npm/frac/-/frac-1.1.2.tgz",
            "integrity": "sha512-w/XBfkibaTl3YDqASwfDUqkna4Z2p9cFSr1aHDt0WoMTECnRfBOv2WArlZILlqgWlmdIlALXGpM2AOhEk5W3IA==",
            "engines": {
                "node": ">=0.8"
            }
        },
        "node_modules/function-bind": {
            "version": "1.1.2",
            "resolved": "https://repo.omgeving.vlaanderen.be/artifactory/api/npm/acd-npm/function-bind/-/function-bind-1.1.2.tgz",
            "integrity": "sha512-7XHNxH7qX9xG5mIwxkhumTox/MIRNcOgDrxWsMt2pAr23WHp6MrRlN7FBSFpCpr+oVO0F744iUgR82nJMfG2SA=="
        },
        "node_modules/hasown": {
            "version": "2.0.0",
            "resolved": "https://repo.omgeving.vlaanderen.be/artifactory/api/npm/acd-npm/hasown/-/hasown-2.0.0.tgz",
            "integrity": "sha512-vUptKVTpIJhcczKBbgnS+RtcuYMB8+oNzPK2/Hp3hanz8JmpATdmmgLgSaadVREkDm+e2giHwY3ZRkyjSIDDFA==",
            "dependencies": {
                "function-bind": "^1.1.2"
            },
            "engines": {
                "node": ">= 0.4"
            }
        },
        "node_modules/is-core-module": {
            "version": "2.13.1",
            "resolved": "https://repo.omgeving.vlaanderen.be/artifactory/api/npm/acd-npm/is-core-module/-/is-core-module-2.13.1.tgz",
            "integrity": "sha512-hHrIjvZsftOsvKSn2TRYl63zvxsgE0K+0mYMoH6gD4omR5IWB2KynivBQczo3+wF1cCkjzvptnI9Q0sPU66ilw==",
            "dependencies": {
                "hasown": "^2.0.0"
            }
        },
        "node_modules/lodash.get": {
            "version": "4.4.2",
            "resolved": "https://repo.omgeving.vlaanderen.be/artifactory/api/npm/acd-npm/lodash.get/-/lodash.get-4.4.2.tgz",
            "integrity": "sha512-z+Uw/vLuy6gQe8cfaFWD7p0wVv8fJl3mbzXh33RS+0oW2wvUqiRXiQ69gLWSLpgB5/6sU+r6BlQR0MBILadqTQ=="
        },
        "node_modules/mime-db": {
            "version": "1.52.0",
            "resolved": "https://repo.omgeving.vlaanderen.be/artifactory/api/npm/acd-npm/mime-db/-/mime-db-1.52.0.tgz",
            "integrity": "sha512-sPU4uV7dYlvtWJxwwxHD0PuihVNiE7TyAbQ5SWxDCB9mUYvOgroQOwYQQOKPJ8CIbE+1ETVlOoK1UC2nU3gYvg==",
            "engines": {
                "node": ">= 0.6"
            }
        },
        "node_modules/mime-types": {
            "version": "2.1.35",
            "resolved": "https://repo.omgeving.vlaanderen.be/artifactory/api/npm/acd-npm/mime-types/-/mime-types-2.1.35.tgz",
            "integrity": "sha512-ZDY+bPm5zTTF+YpCrAU9nK0UgICYPT0QtT1NZWFv4s++TNkcgVaT0g6+4R2uI4MjQjzysHB1zxuWL50hzaeXiw==",
            "dependencies": {
                "mime-db": "1.52.0"
            },
            "engines": {
                "node": ">= 0.6"
            }
        },
        "node_modules/path-parse": {
            "version": "1.0.7",
            "resolved": "https://repo.omgeving.vlaanderen.be/artifactory/api/npm/acd-npm/path-parse/-/path-parse-1.0.7.tgz",
            "integrity": "sha512-LDJzPVEEEPR+y48z93A0Ed0yXb8pAByGWo/k5YYdYgpY2/2EsOsksJrq7lOHxryrVOn1ejG6oAp8ahvOIQD8sw=="
        },
        "node_modules/picomatch": {
            "version": "2.3.1",
            "resolved": "https://repo.omgeving.vlaanderen.be/artifactory/api/npm/acd-npm/picomatch/-/picomatch-2.3.1.tgz",
            "integrity": "sha512-JU3teHTNjmE2VCGFzuY8EXzCDVwEqB2a8fsIvwaStHhAWJEeVd1o1QD80CU6+ZdEXXSLbSsuLwJjkCBWqRQUVA==",
            "engines": {
                "node": ">=8.6"
            }
        },
        "node_modules/proxy-from-env": {
            "version": "1.1.0",
            "resolved": "https://repo.omgeving.vlaanderen.be/artifactory/api/npm/acd-npm/proxy-from-env/-/proxy-from-env-1.1.0.tgz",
            "integrity": "sha512-D+zkORCbA9f1tdWRK0RaCR3GPv50cMxcrz4X8k5LTSUD1Dkw47mKJEZQNunItRTkWwgtaUSo1RVFRIG9ZXiFYg=="
        },
        "node_modules/resolve": {
            "version": "1.22.8",
            "resolved": "https://repo.omgeving.vlaanderen.be/artifactory/api/npm/acd-npm/resolve/-/resolve-1.22.8.tgz",
            "integrity": "sha512-oKWePCxqpd6FlLvGV1VU0x7bkPmmCNolxzjMf4NczoDnQcIWrAF+cPtZn5i6n+RfD2d9i0tzpKnG6Yk168yIyw==",
            "dependencies": {
                "is-core-module": "^2.13.0",
                "path-parse": "^1.0.7",
                "supports-preserve-symlinks-flag": "^1.0.0"
            },
            "bin": {
                "resolve": "bin/resolve"
            }
        },
        "node_modules/ssf": {
            "version": "0.11.2",
            "resolved": "https://repo.omgeving.vlaanderen.be/artifactory/api/npm/acd-npm/ssf/-/ssf-0.11.2.tgz",
            "integrity": "sha512-+idbmIXoYET47hH+d7dfm2epdOMUDjqcB4648sTZ+t2JwoyBFL/insLfB/racrDmsKB3diwsDA696pZMieAC5g==",
            "dependencies": {
                "frac": "~1.1.2"
            },
            "engines": {
                "node": ">=0.8"
            }
        },
        "node_modules/supports-preserve-symlinks-flag": {
            "version": "1.0.0",
            "resolved": "https://repo.omgeving.vlaanderen.be/artifactory/api/npm/acd-npm/supports-preserve-symlinks-flag/-/supports-preserve-symlinks-flag-1.0.0.tgz",
            "integrity": "sha512-ot0WnXS9fgdkgIcePe6RHNk1WA8+muPa6cSjeR3V8K27q9BB1rTE3R1p7Hv0z1ZyAc8s6Vvv8DIyWf681MAt0w==",
            "engines": {
                "node": ">= 0.4"
            }
        },
        "node_modules/tslib": {
            "version": "2.6.2",
            "resolved": "https://repo.omgeving.vlaanderen.be/artifactory/api/npm/acd-npm/tslib/-/tslib-2.6.2.tgz",
            "integrity": "sha512-AEYxH93jGFPn/a2iVAwW87VuUIkR1FVUKB77NwMF7nBTDkDrrT/Hpt/IrCJ0QXhW27jTBDcf5ZY7w6RiqTMw2Q=="
        },
        "node_modules/typescript": {
            "version": "5.2.2",
            "resolved": "https://repo.omgeving.vlaanderen.be/artifactory/api/npm/acd-npm/typescript/-/typescript-5.2.2.tgz",
            "integrity": "sha512-mI4WrpHsbCIcwT9cF4FZvr80QUeKvsUsUvKDoR+X/7XHQH98xYD8YHZg7ANtz2GtZt/CBq2QJ0thkGJMHfqc1w==",
            "peer": true,
            "bin": {
                "tsc": "bin/tsc",
                "tsserver": "bin/tsserver"
            },
            "engines": {
                "node": ">=14.17"
            }
        },
        "node_modules/wmf": {
            "version": "1.0.2",
            "resolved": "https://repo.omgeving.vlaanderen.be/artifactory/api/npm/acd-npm/wmf/-/wmf-1.0.2.tgz",
            "integrity": "sha512-/p9K7bEh0Dj6WbXg4JG0xvLQmIadrner1bi45VMJTfnbVHsc7yIajZyoSoK60/dtVBs12Fm6WkUI5/3WAVsNMw==",
            "engines": {
                "node": ">=0.8"
            }
        },
        "node_modules/word": {
            "version": "0.3.0",
            "resolved": "https://repo.omgeving.vlaanderen.be/artifactory/api/npm/acd-npm/word/-/word-0.3.0.tgz",
            "integrity": "sha512-OELeY0Q61OXpdUfTp+oweA/vtLVg5VDOXh+3he3PNzLGG/y0oylSOC1xRVj0+l4vQ3tj/bB1HVHv1ocXkQceFA==",
            "engines": {
                "node": ">=0.8"
            }
        },
        "node_modules/xlsx": {
            "version": "0.18.5",
            "resolved": "https://repo.omgeving.vlaanderen.be/artifactory/api/npm/acd-npm/xlsx/-/xlsx-0.18.5.tgz",
            "integrity": "sha512-dmg3LCjBPHZnQp5/F/+nnTa+miPJxUXB6vtk42YjBBKayDNagxGEeIdWApkYPOf3Z3pm3k62Knjzp7lMeTEtFQ==",
            "dependencies": {
                "adler-32": "~1.3.0",
                "cfb": "~1.2.1",
                "codepage": "~1.15.0",
                "crc-32": "~1.2.1",
                "ssf": "~0.11.2",
                "wmf": "~1.0.1",
                "word": "~0.3.0"
            },
            "bin": {
                "xlsx": "bin/xlsx.njs"
            },
            "engines": {
                "node": ">=0.8"
            }
        }
    }
}
